// !$*UTF8*$!
{
	archiveVersion = 1;
	classes = {
	};
	objectVersion = 46;
	objects = {

/* Begin PBXBuildFile section */
		84B60A9A1DA88C9E00A3D169 /* main.m in Sources */ = {isa = PBXBuildFile; fileRef = 84B60A991DA88C9E00A3D169 /* main.m */; };
		84B60A9D1DA88C9E00A3D169 /* AppDelegate.m in Sources */ = {isa = PBXBuildFile; fileRef = 84B60A9C1DA88C9E00A3D169 /* AppDelegate.m */; };
		84B60AA01DA88C9E00A3D169 /* ViewController.m in Sources */ = {isa = PBXBuildFile; fileRef = 84B60A9F1DA88C9E00A3D169 /* ViewController.m */; };
		84B60AA31DA88C9E00A3D169 /* Main.storyboard in Resources */ = {isa = PBXBuildFile; fileRef = 84B60AA11DA88C9E00A3D169 /* Main.storyboard */; };
		84B60AA51DA88C9E00A3D169 /* Assets.xcassets in Resources */ = {isa = PBXBuildFile; fileRef = 84B60AA41DA88C9E00A3D169 /* Assets.xcassets */; };
		84B60AA81DA88C9E00A3D169 /* LaunchScreen.storyboard in Resources */ = {isa = PBXBuildFile; fileRef = 84B60AA61DA88C9E00A3D169 /* LaunchScreen.storyboard */; };
		84E17FB01DA8D908005E0178 /* libSFSafari.a in Frameworks */ = {isa = PBXBuildFile; fileRef = 84E17FAF1DA8D908005E0178 /* libSFSafari.a */; };
/* End PBXBuildFile section */

/* Begin PBXCopyFilesBuildPhase section */
		84B60AD01DA8982200A3D169 /* Embed Frameworks */ = {
			isa = PBXCopyFilesBuildPhase;
			buildActionMask = 2147483647;
			dstPath = "";
			dstSubfolderSpec = 10;
			files = (
			);
			name = "Embed Frameworks";
			runOnlyForDeploymentPostprocessing = 0;
		};
/* End PBXCopyFilesBuildPhase section */

/* Begin PBXFileReference section */
		84B60A951DA88C9E00A3D169 /* frameworkTest.app */ = {isa = PBXFileReference; explicitFileType = wrapper.application; includeInIndex = 0; path = frameworkTest.app; sourceTree = BUILT_PRODUCTS_DIR; };
		84B60A991DA88C9E00A3D169 /* main.m */ = {isa = PBXFileReference; lastKnownFileType = sourcecode.c.objc; path = main.m; sourceTree = "<group>"; };
		84B60A9B1DA88C9E00A3D169 /* AppDelegate.h */ = {isa = PBXFileReference; lastKnownFileType = sourcecode.c.h; path = AppDelegate.h; sourceTree = "<group>"; };
		84B60A9C1DA88C9E00A3D169 /* AppDelegate.m */ = {isa = PBXFileReference; lastKnownFileType = sourcecode.c.objc; path = AppDelegate.m; sourceTree = "<group>"; };
		84B60A9E1DA88C9E00A3D169 /* ViewController.h */ = {isa = PBXFileReference; lastKnownFileType = sourcecode.c.h; path = ViewController.h; sourceTree = "<group>"; };
		84B60A9F1DA88C9E00A3D169 /* ViewController.m */ = {isa = PBXFileReference; lastKnownFileType = sourcecode.c.objc; path = ViewController.m; sourceTree = "<group>"; };
		84B60AA21DA88C9E00A3D169 /* Base */ = {isa = PBXFileReference; lastKnownFileType = file.storyboard; name = Base; path = Base.lproj/Main.storyboard; sourceTree = "<group>"; };
		84B60AA41DA88C9E00A3D169 /* Assets.xcassets */ = {isa = PBXFileReference; lastKnownFileType = folder.assetcatalog; path = Assets.xcassets; sourceTree = "<group>"; };
		84B60AA71DA88C9E00A3D169 /* Base */ = {isa = PBXFileReference; lastKnownFileType = file.storyboard; name = Base; path = Base.lproj/LaunchScreen.storyboard; sourceTree = "<group>"; };
		84B60AA91DA88C9E00A3D169 /* Info.plist */ = {isa = PBXFileReference; lastKnownFileType = text.plist.xml; path = Info.plist; sourceTree = "<group>"; };
		84E17FAD1DA8D847005E0178 /* VKSafariDomainBridge.h */ = {isa = PBXFileReference; fileEncoding = 4; lastKnownFileType = sourcecode.c.h; path = VKSafariDomainBridge.h; sourceTree = "<group>"; };
		84E17FAF1DA8D908005E0178 /* libSFSafari.a */ = {isa = PBXFileReference; lastKnownFileType = archive.ar; path = libSFSafari.a; sourceTree = "<group>"; };
/* End PBXFileReference section */

/* Begin PBXFrameworksBuildPhase section */
		84B60A921DA88C9E00A3D169 /* Frameworks */ = {
			isa = PBXFrameworksBuildPhase;
			buildActionMask = 2147483647;
			files = (
				84E17FB01DA8D908005E0178 /* libSFSafari.a in Frameworks */,
			);
			runOnlyForDeploymentPostprocessing = 0;
		};
/* End PBXFrameworksBuildPhase section */

/* Begin PBXGroup section */
		84B60A8C1DA88C9E00A3D169 = {
			isa = PBXGroup;
			children = (
				84B60A971DA88C9E00A3D169 /* frameworkTest */,
				84B60A961DA88C9E00A3D169 /* Products */,
			);
			sourceTree = "<group>";
		};
		84B60A961DA88C9E00A3D169 /* Products */ = {
			isa = PBXGroup;
			children = (
				84B60A951DA88C9E00A3D169 /* frameworkTest.app */,
			);
			name = Products;
			sourceTree = "<group>";
		};
		84B60A971DA88C9E00A3D169 /* frameworkTest */ = {
			isa = PBXGroup;
			children = (
				84E17FA91DA8D847005E0178 /* FenMiSDk */,
				84E17F9C1DA8CEAA005E0178 /* New Group */,
				84B60A9B1DA88C9E00A3D169 /* AppDelegate.h */,
				84B60A9C1DA88C9E00A3D169 /* AppDelegate.m */,
				84B60A9E1DA88C9E00A3D169 /* ViewController.h */,
				84B60A9F1DA88C9E00A3D169 /* ViewController.m */,
				84B60AA11DA88C9E00A3D169 /* Main.storyboard */,
				84B60AA41DA88C9E00A3D169 /* Assets.xcassets */,
				84B60AA61DA88C9E00A3D169 /* LaunchScreen.storyboard */,
				84B60AA91DA88C9E00A3D169 /* Info.plist */,
				84B60A981DA88C9E00A3D169 /* Supporting Files */,
			);
			path = frameworkTest;
			sourceTree = "<group>";
		};
		84B60A981DA88C9E00A3D169 /* Supporting Files */ = {
			isa = PBXGroup;
			children = (
				84B60A991DA88C9E00A3D169 /* main.m */,
			);
			name = "Supporting Files";
			sourceTree = "<group>";
		};
		84E17F9C1DA8CEAA005E0178 /* New Group */ = {
			isa = PBXGroup;
			children = (
			);
			name = "New Group";
			sourceTree = "<group>";
		};
		84E17FA91DA8D847005E0178 /* FenMiSDk */ = {
			isa = PBXGroup;
			children = (
				84E17FAA1DA8D847005E0178 /* include */,
			);
			path = FenMiSDk;
			sourceTree = "<group>";
		};
		84E17FAA1DA8D847005E0178 /* include */ = {
			isa = PBXGroup;
			children = (
				84E17FAB1DA8D847005E0178 /* SFSafari */,
			);
			path = include;
			sourceTree = "<group>";
		};
		84E17FAB1DA8D847005E0178 /* SFSafari */ = {
			isa = PBXGroup;
			children = (
				84E17FAF1DA8D908005E0178 /* libSFSafari.a */,
				84E17FAD1DA8D847005E0178 /* VKSafariDomainBridge.h */,
			);
			path = SFSafari;
			sourceTree = "<group>";
		};
/* End PBXGroup section */

/* Begin PBXNativeTarget section */
		84B60A941DA88C9E00A3D169 /* frameworkTest */ = {
			isa = PBXNativeTarget;
			buildConfigurationList = 84B60AAC1DA88C9E00A3D169 /* Build configuration list for PBXNativeTarget "frameworkTest" */;
			buildPhases = (
				84B60A911DA88C9E00A3D169 /* Sources */,
				84B60A921DA88C9E00A3D169 /* Frameworks */,
				84B60A931DA88C9E00A3D169 /* Resources */,
				84B60AD01DA8982200A3D169 /* Embed Frameworks */,
			);
			buildRules = (
			);
			dependencies = (
			);
			name = frameworkTest;
			productName = frameworkTest;
			productReference = 84B60A951DA88C9E00A3D169 /* frameworkTest.app */;
			productType = "com.apple.product-type.application";
		};
/* End PBXNativeTarget section */

/* Begin PBXProject section */
		84B60A8D1DA88C9E00A3D169 /* Project object */ = {
			isa = PBXProject;
			attributes = {
				LastUpgradeCheck = 0800;
				ORGANIZATIONNAME = com.WL;
				TargetAttributes = {
					84B60A941DA88C9E00A3D169 = {
						CreatedOnToolsVersion = 8.0;
						DevelopmentTeam = 425M73U764;
						ProvisioningStyle = Manual;
					};
				};
			};
			buildConfigurationList = 84B60A901DA88C9E00A3D169 /* Build configuration list for PBXProject "frameworkTest" */;
			compatibilityVersion = "Xcode 3.2";
			developmentRegion = English;
			hasScannedForEncodings = 0;
			knownRegions = (
				en,
				Base,
			);
			mainGroup = 84B60A8C1DA88C9E00A3D169;
			productRefGroup = 84B60A961DA88C9E00A3D169 /* Products */;
			projectDirPath = "";
			projectRoot = "";
			targets = (
				84B60A941DA88C9E00A3D169 /* frameworkTest */,
			);
		};
/* End PBXProject section */

/* Begin PBXResourcesBuildPhase section */
		84B60A931DA88C9E00A3D169 /* Resources */ = {
			isa = PBXResourcesBuildPhase;
			buildActionMask = 2147483647;
			files = (
				84B60AA81DA88C9E00A3D169 /* LaunchScreen.storyboard in Resources */,
				84B60AA51DA88C9E00A3D169 /* Assets.xcassets in Resources */,
				84B60AA31DA88C9E00A3D169 /* Main.storyboard in Resources */,
			);
			runOnlyForDeploymentPostprocessing = 0;
		};
/* End PBXResourcesBuildPhase section */

/* Begin PBXSourcesBuildPhase section */
		84B60A911DA88C9E00A3D169 /* Sources */ = {
			isa = PBXSourcesBuildPhase;
			buildActionMask = 2147483647;
			files = (
				84B60AA01DA88C9E00A3D169 /* ViewController.m in Sources */,
				84B60A9D1DA88C9E00A3D169 /* AppDelegate.m in Sources */,
				84B60A9A1DA88C9E00A3D169 /* main.m in Sources */,
			);
			runOnlyForDeploymentPostprocessing = 0;
		};
/* End PBXSourcesBuildPhase section */

/* Begin PBXVariantGroup section */
		84B60AA11DA88C9E00A3D169 /* Main.storyboard */ = {
			isa = PBXVariantGroup;
			children = (
				84B60AA21DA88C9E00A3D169 /* Base */,
			);
			name = Main.storyboard;
			sourceTree = "<group>";
		};
		84B60AA61DA88C9E00A3D169 /* LaunchScreen.storyboard */ = {
			isa = PBXVariantGroup;
			children = (
				84B60AA71DA88C9E00A3D169 /* Base */,
			);
			name = LaunchScreen.storyboard;
			sourceTree = "<group>";
		};
/* End PBXVariantGroup section */

/* Begin XCBuildConfiguration section */
		84B60AAA1DA88C9E00A3D169 /* Debug */ = {
			isa = XCBuildConfiguration;
			buildSettings = {
				ALWAYS_SEARCH_USER_PATHS = NO;
				CLANG_ANALYZER_NONNULL = YES;
				CLANG_CXX_LANGUAGE_STANDARD = "gnu++0x";
				CLANG_CXX_LIBRARY = "libc++";
				CLANG_ENABLE_MODULES = YES;
				CLANG_ENABLE_OBJC_ARC = YES;
				CLANG_WARN_BOOL_CONVERSION = YES;
				CLANG_WARN_CONSTANT_CONVERSION = YES;
				CLANG_WARN_DIRECT_OBJC_ISA_USAGE = YES_ERROR;
				CLANG_WARN_DOCUMENTATION_COMMENTS = YES;
				CLANG_WARN_EMPTY_BODY = YES;
				CLANG_WARN_ENUM_CONVERSION = YES;
				CLANG_WARN_INFINITE_RECURSION = YES;
				CLANG_WARN_INT_CONVERSION = YES;
				CLANG_WARN_OBJC_ROOT_CLASS = YES_ERROR;
				CLANG_WARN_SUSPICIOUS_MOVES = YES;
				CLANG_WARN_UNREACHABLE_CODE = YES;
				CLANG_WARN__DUPLICATE_METHOD_MATCH = YES;
				"CODE_SIGN_IDENTITY[sdk=iphoneos*]" = "iPhone Developer";
				COPY_PHASE_STRIP = NO;
				DEBUG_INFORMATION_FORMAT = dwarf;
				ENABLE_STRICT_OBJC_MSGSEND = YES;
				ENABLE_TESTABILITY = YES;
				GCC_C_LANGUAGE_STANDARD = gnu99;
				GCC_DYNAMIC_NO_PIC = NO;
				GCC_NO_COMMON_BLOCKS = YES;
				GCC_OPTIMIZATION_LEVEL = 0;
				GCC_PREPROCESSOR_DEFINITIONS = (
					"DEBUG=1",
					"$(inherited)",
				);
				GCC_WARN_64_TO_32_BIT_CONVERSION = YES;
				GCC_WARN_ABOUT_RETURN_TYPE = YES_ERROR;
				GCC_WARN_UNDECLARED_SELECTOR = YES;
				GCC_WARN_UNINITIALIZED_AUTOS = YES_AGGRESSIVE;
				GCC_WARN_UNUSED_FUNCTION = YES;
				GCC_WARN_UNUSED_VARIABLE = YES;
				IPHONEOS_DEPLOYMENT_TARGET = 10.0;
				MTL_ENABLE_DEBUG_INFO = YES;
				ONLY_ACTIVE_ARCH = YES;
				SDKROOT = iphoneos;
				TARGETED_DEVICE_FAMILY = 2;
			};
			name = Debug;
		};
		84B60AAB1DA88C9E00A3D169 /* Release */ = {
			isa = XCBuildConfiguration;
			buildSettings = {
				ALWAYS_SEARCH_USER_PATHS = NO;
				CLANG_ANALYZER_NONNULL = YES;
				CLANG_CXX_LANGUAGE_STANDARD = "gnu++0x";
				CLANG_CXX_LIBRARY = "libc++";
				CLANG_ENABLE_MODULES = YES;
				CLANG_ENABLE_OBJC_ARC = YES;
				CLANG_WARN_BOOL_CONVERSION = YES;
				CLANG_WARN_CONSTANT_CONVERSION = YES;
				CLANG_WARN_DIRECT_OBJC_ISA_USAGE = YES_ERROR;
				CLANG_WARN_DOCUMENTATION_COMMENTS = YES;
				CLANG_WARN_EMPTY_BODY = YES;
				CLANG_WARN_ENUM_CONVERSION = YES;
				CLANG_WARN_INFINITE_RECURSION = YES;
				CLANG_WARN_INT_CONVERSION = YES;
				CLANG_WARN_OBJC_ROOT_CLASS = YES_ERROR;
				CLANG_WARN_SUSPICIOUS_MOVES = YES;
				CLANG_WARN_UNREACHABLE_CODE = YES;
				CLANG_WARN__DUPLICATE_METHOD_MATCH = YES;
				"CODE_SIGN_IDENTITY[sdk=iphoneos*]" = "iPhone Developer";
				COPY_PHASE_STRIP = NO;
				DEBUG_INFORMATION_FORMAT = "dwarf-with-dsym";
				ENABLE_NS_ASSERTIONS = NO;
				ENABLE_STRICT_OBJC_MSGSEND = YES;
				GCC_C_LANGUAGE_STANDARD = gnu99;
				GCC_NO_COMMON_BLOCKS = YES;
				GCC_WARN_64_TO_32_BIT_CONVERSION = YES;
				GCC_WARN_ABOUT_RETURN_TYPE = YES_ERROR;
				GCC_WARN_UNDECLARED_SELECTOR = YES;
				GCC_WARN_UNINITIALIZED_AUTOS = YES_AGGRESSIVE;
				GCC_WARN_UNUSED_FUNCTION = YES;
				GCC_WARN_UNUSED_VARIABLE = YES;
				IPHONEOS_DEPLOYMENT_TARGET = 10.0;
				MTL_ENABLE_DEBUG_INFO = NO;
				SDKROOT = iphoneos;
				TARGETED_DEVICE_FAMILY = 2;
				VALIDATE_PRODUCT = YES;
			};
			name = Release;
		};
		84B60AAD1DA88C9E00A3D169 /* Debug */ = {
			isa = XCBuildConfiguration;
			buildSettings = {
				ASSETCATALOG_COMPILER_APPICON_NAME = AppIcon;
				CODE_SIGN_IDENTITY = "iPhone Developer: 潜 陈 (73KX5K3MD2)";
				"CODE_SIGN_IDENTITY[sdk=iphoneos*]" = "iPhone Developer: 潜 陈 (73KX5K3MD2)";
				DEVELOPMENT_TEAM = 425M73U764;
				ENABLE_BITCODE = NO;
				FRAMEWORK_SEARCH_PATHS = (
					"$(inherited)",
					"$(PROJECT_DIR)/frameworkTest",
				);
				INFOPLIST_FILE = frameworkTest/Info.plist;
				IPHONEOS_DEPLOYMENT_TARGET = 8.0;
				LD_RUNPATH_SEARCH_PATHS = "$(inherited) @executable_path/Frameworks";
				LIBRARY_SEARCH_PATHS = (
					"$(inherited)",
					"$(PROJECT_DIR)/frameworkTest",
					"$(PROJECT_DIR)/frameworkTest/include/SFSafari",
					"$(PROJECT_DIR)/frameworkTest/FenMiSDk/include/SFSafari",
				);
				PRODUCT_BUNDLE_IDENTIFIER = com.jiaoyue.fenmidev;
				PRODUCT_NAME = "$(TARGET_NAME)";
				PROVISIONING_PROFILE_SPECIFIER = fenmidev_Development;
				TARGETED_DEVICE_FAMILY = 1;
			};
			name = Debug;
		};
		84B60AAE1DA88C9E00A3D169 /* Release */ = {
			isa = XCBuildConfiguration;
			buildSettings = {
				ASSETCATALOG_COMPILER_APPICON_NAME = AppIcon;
				CODE_SIGN_IDENTITY = "iPhone Distribution: Hangzhou Jiaoyue Network Technology Co., Ltd. (425M73U764)";
				"CODE_SIGN_IDENTITY[sdk=iphoneos*]" = "iPhone Distribution: Hangzhou Jiaoyue Network Technology Co., Ltd. (425M73U764)";
				DEVELOPMENT_TEAM = 425M73U764;
				ENABLE_BITCODE = NO;
				FRAMEWORK_SEARCH_PATHS = (
					"$(inherited)",
					"$(PROJECT_DIR)/frameworkTest",
				);
				INFOPLIST_FILE = frameworkTest/Info.plist;
				IPHONEOS_DEPLOYMENT_TARGET = 8.0;
				LD_RUNPATH_SEARCH_PATHS = "$(inherited) @executable_path/Frameworks";
				LIBRARY_SEARCH_PATHS = (
					"$(inherited)",
					"$(PROJECT_DIR)/frameworkTest",
					"$(PROJECT_DIR)/frameworkTest/include/SFSafari",
					"$(PROJECT_DIR)/frameworkTest/FenMiSDk/include/SFSafari",
				);
				PRODUCT_BUNDLE_IDENTIFIER = com.jiaoyue.fenmidev;
				PRODUCT_NAME = "$(TARGET_NAME)";
				PROVISIONING_PROFILE = "a5580ad9-6fae-4c9b-aa42-e9c040057ae7";
				PROVISIONING_PROFILE_SPECIFIER = fenmidev_AdHoc;
				TARGETED_DEVICE_FAMILY = 1;
			};
			name = Release;
		};
/* End XCBuildConfiguration section */

/* Begin XCConfigurationList section */
		84B60A901DA88C9E00A3D169 /* Build configuration list for PBXProject "frameworkTest" */ = {
			isa = XCConfigurationList;
			buildConfigurations = (
				84B60AAA1DA88C9E00A3D169 /* Debug */,
				84B60AAB1DA88C9E00A3D169 /* Release */,
			);
			defaultConfigurationIsVisible = 0;
			defaultConfigurationName = Release;
		};
		84B60AAC1DA88C9E00A3D169 /* Build configuration list for PBXNativeTarget "frameworkTest" */ = {
			isa = XCConfigurationList;
			buildConfigurations = (
				84B60AAD1DA88C9E00A3D169 /* Debug */,
				84B60AAE1DA88C9E00A3D169 /* Release */,
			);
			defaultConfigurationIsVisible = 0;
			defaultConfigurationName = Release;
		};
/* End XCConfigurationList section */
	};
	rootObject = 84B60A8D1DA88C9E00A3D169 /* Project object */;
}
